
Microsoft Visual Studio Solution File, Format Version 12.00
# Visual Studio 15
VisualStudioVersion = 15.0.28307.757
MinimumVisualStudioVersion = 10.0.40219.1
Project("{FAE04EC0-301F-11D3-BF4B-00C04F79EFBC}") = "MyWebServer", "MyWebServer\MyWebServer.csproj", "{6139C021-B507-43BA-BAFD-88CA2BD3AC72}"
EndProject
Project("{FAE04EC0-301F-11D3-BF4B-00C04F79EFBC}") = "WebServer.Test", "WebServer.Test\WebServer.Test.csproj", "{C06A5CF4-B698-433C-884A-9318A99D09D1}"
EndProject
Global
	GlobalSection(SolutionConfigurationPlatforms) = preSolution
		Debug|Any CPU = Debug|Any CPU
		Release|Any CPU = Release|Any CPU
	EndGlobalSection
	GlobalSection(ProjectConfigurationPlatforms) = postSolution
		{6139C021-B507-43BA-BAFD-88CA2BD3AC72}.Debug|Any CPU.ActiveCfg = Debug|Any CPU
		{6139C021-B507-43BA-BAFD-88CA2BD3AC72}.Debug|Any CPU.Build.0 = Debug|Any CPU
		{6139C021-B507-43BA-BAFD-88CA2BD3AC72}.Release|Any CPU.ActiveCfg = Release|Any CPU
		{6139C021-B507-43BA-BAFD-88CA2BD3AC72}.Release|Any CPU.Build.0 = Release|Any CPU
		{C06A5CF4-B698-433C-884A-9318A99D09D1}.Debug|Any CPU.ActiveCfg = Debug|Any CPU
		{C06A5CF4-B698-433C-884A-9318A99D09D1}.Debug|Any CPU.Build.0 = Debug|Any CPU
		{C06A5CF4-B698-433C-884A-9318A99D09D1}.Release|Any CPU.ActiveCfg = Release|Any CPU
		{C06A5CF4-B698-433C-884A-9318A99D09D1}.Release|Any CPU.Build.0 = Release|Any CPU
	EndGlobalSection
	GlobalSection(SolutionProperties) = preSolution
		HideSolutionNode = FALSE
	EndGlobalSection
	GlobalSection(ExtensibilityGlobals) = postSolution
		SolutionGuid = {67892A9C-6B1B-465A-A0DB-AABC91359EE2}
	EndGlobalSection
EndGlobal
